
Microsoft Visual Studio Solution File, Format Version 12.00
# Visual Studio 2013
VisualStudioVersion = 12.0.40629.0
MinimumVisualStudioVersion = 10.0.40219.1
Project("{FAE04EC0-301F-11D3-BF4B-00C04F79EFBC}") = "Vidly_Team", "Vidly_Team\Vidly_Team.csproj", "{AAE4CC99-9857-4141-973E-E861986BF3EA}"
EndProject
Project("{2150E333-8FDC-42A3-9474-1A3956D46DE8}") = "Solution Items", "Solution Items", "{0DA7E901-A12B-4F15-82AF-31A0D8673289}"
	ProjectSection(SolutionItems) = preProject
		WebEssentials-Settings.json = WebEssentials-Settings.json
	EndProjectSection
EndProject
Project("{E24C65DC-7377-472B-9ABA-BC803B73C61A}") = "Vidly.Client", "http://localhost:2241", "{F9043988-89E1-4A7B-9419-12283A22B101}"
	ProjectSection(WebsiteProperties) = preProject
		UseIISExpress = "true"
		TargetFrameworkMoniker = ".NETFramework,Version%3Dv4.5.2"
		Debug.AspNetCompiler.VirtualPath = "/localhost_2241"
		Debug.AspNetCompiler.PhysicalPath = "..\Vidly.Client\"
		Debug.AspNetCompiler.TargetPath = "PrecompiledWeb\localhost_2241\"
		Debug.AspNetCompiler.Updateable = "true"
		Debug.AspNetCompiler.ForceOverwrite = "true"
		Debug.AspNetCompiler.FixedNames = "false"
		Debug.AspNetCompiler.Debug = "True"
		Release.AspNetCompiler.VirtualPath = "/localhost_2241"
		Release.AspNetCompiler.PhysicalPath = "..\Vidly.Client\"
		Release.AspNetCompiler.TargetPath = "PrecompiledWeb\localhost_2241\"
		Release.AspNetCompiler.Updateable = "true"
		Release.AspNetCompiler.ForceOverwrite = "true"
		Release.AspNetCompiler.FixedNames = "false"
		Release.AspNetCompiler.Debug = "False"
		SlnRelativePath = "..\Vidly.Client\"
		DefaultWebSiteLanguage = "Visual Basic"
	EndProjectSection
EndProject
Global
	GlobalSection(SolutionConfigurationPlatforms) = preSolution
		Debug|Any CPU = Debug|Any CPU
		Release|Any CPU = Release|Any CPU
	EndGlobalSection
	GlobalSection(ProjectConfigurationPlatforms) = postSolution
		{AAE4CC99-9857-4141-973E-E861986BF3EA}.Debug|Any CPU.ActiveCfg = Debug|Any CPU
		{AAE4CC99-9857-4141-973E-E861986BF3EA}.Debug|Any CPU.Build.0 = Debug|Any CPU
		{AAE4CC99-9857-4141-973E-E861986BF3EA}.Release|Any CPU.ActiveCfg = Release|Any CPU
		{AAE4CC99-9857-4141-973E-E861986BF3EA}.Release|Any CPU.Build.0 = Release|Any CPU
		{F9043988-89E1-4A7B-9419-12283A22B101}.Debug|Any CPU.ActiveCfg = Debug|Any CPU
		{F9043988-89E1-4A7B-9419-12283A22B101}.Debug|Any CPU.Build.0 = Debug|Any CPU
		{F9043988-89E1-4A7B-9419-12283A22B101}.Release|Any CPU.ActiveCfg = Debug|Any CPU
		{F9043988-89E1-4A7B-9419-12283A22B101}.Release|Any CPU.Build.0 = Debug|Any CPU
	EndGlobalSection
	GlobalSection(SolutionProperties) = preSolution
		HideSolutionNode = FALSE
	EndGlobalSection
EndGlobal
